
Microsoft Visual Studio Solution File, Format Version 12.00
# Visual Studio Version 17
VisualStudioVersion = 17.14.36221.1
MinimumVisualStudioVersion = 10.0.40219.1
Project("{FAE04EC0-301F-11D3-BF4B-00C04F79EFBC}") = "pomogite_423", "pomogite_423\pomogite_423.csproj", "{F5E0CD85-7C74-45D6-812B-4D7D8F4BB518}"
EndProject
Project("{FAE04EC0-301F-11D3-BF4B-00C04F79EFBC}") = "ConsoleApp1", "ConsoleApp1\ConsoleApp1.csproj", "{AC702B93-75DA-424A-B9AF-D62DF7A51806}"
EndProject
Global
	GlobalSection(SolutionConfigurationPlatforms) = preSolution
		Debug|Any CPU = Debug|Any CPU
		Release|Any CPU = Release|Any CPU
	EndGlobalSection
	GlobalSection(ProjectConfigurationPlatforms) = postSolution
		{F5E0CD85-7C74-45D6-812B-4D7D8F4BB518}.Debug|Any CPU.ActiveCfg = Debug|Any CPU
		{F5E0CD85-7C74-45D6-812B-4D7D8F4BB518}.Debug|Any CPU.Build.0 = Debug|Any CPU
		{F5E0CD85-7C74-45D6-812B-4D7D8F4BB518}.Release|Any CPU.ActiveCfg = Release|Any CPU
		{F5E0CD85-7C74-45D6-812B-4D7D8F4BB518}.Release|Any CPU.Build.0 = Release|Any CPU
		{AC702B93-75DA-424A-B9AF-D62DF7A51806}.Debug|Any CPU.ActiveCfg = Debug|Any CPU
		{AC702B93-75DA-424A-B9AF-D62DF7A51806}.Debug|Any CPU.Build.0 = Debug|Any CPU
		{AC702B93-75DA-424A-B9AF-D62DF7A51806}.Release|Any CPU.ActiveCfg = Release|Any CPU
		{AC702B93-75DA-424A-B9AF-D62DF7A51806}.Release|Any CPU.Build.0 = Release|Any CPU
	EndGlobalSection
	GlobalSection(SolutionProperties) = preSolution
		HideSolutionNode = FALSE
	EndGlobalSection
	GlobalSection(ExtensibilityGlobals) = postSolution
		SolutionGuid = {C16DFF04-608E-46FF-A820-8A0A36EF3196}
	EndGlobalSection
EndGlobal
